// !$*UTF8*$!
{
	archiveVersion = 1;
	classes = {
	};
	objectVersion = 56;
	objects = {

/* Begin PBXBuildFile section */
		5EF3C17429BAAF380033CF32 /* AppDelegate.swift in Sources */ = {isa = PBXBuildFile; fileRef = 5EF3C17329BAAF380033CF32 /* AppDelegate.swift */; };
		5EF3C17629BAAF380033CF32 /* SceneDelegate.swift in Sources */ = {isa = PBXBuildFile; fileRef = 5EF3C17529BAAF380033CF32 /* SceneDelegate.swift */; };
		5EF3C17829BAAF380033CF32 /* ViewController.swift in Sources */ = {isa = PBXBuildFile; fileRef = 5EF3C17729BAAF380033CF32 /* ViewController.swift */; };
		5EF3C17B29BAAF380033CF32 /* Main.storyboard in Resources */ = {isa = PBXBuildFile; fileRef = 5EF3C17929BAAF380033CF32 /* Main.storyboard */; };
		5EF3C17D29BAAF3B0033CF32 /* Assets.xcassets in Resources */ = {isa = PBXBuildFile; fileRef = 5EF3C17C29BAAF3B0033CF32 /* Assets.xcassets */; };
		5EF3C18029BAAF3B0033CF32 /* LaunchScreen.storyboard in Resources */ = {isa = PBXBuildFile; fileRef = 5EF3C17E29BAAF3B0033CF32 /* LaunchScreen.storyboard */; };
		5EF3C18829BAB0230033CF32 /* ToastHelper.swift in Sources */ = {isa = PBXBuildFile; fileRef = 5EF3C18729BAB0230033CF32 /* ToastHelper.swift */; };
		E51EC468DE6DB71747438B02 /* Pods_ToastMessageExample.framework in Frameworks */ = {isa = PBXBuildFile; fileRef = 450CB75F39A07459150BD700 /* Pods_ToastMessageExample.framework */; };
/* End PBXBuildFile section */

/* Begin PBXFileReference section */
		16663D517BEC76CAFDE245F6 /* Pods-ToastMessageExample.debug.xcconfig */ = {isa = PBXFileReference; includeInIndex = 1; lastKnownFileType = text.xcconfig; name = "Pods-ToastMessageExample.debug.xcconfig"; path = "Target Support Files/Pods-ToastMessageExample/Pods-ToastMessageExample.debug.xcconfig"; sourceTree = "<group>"; };
		450CB75F39A07459150BD700 /* Pods_ToastMessageExample.framework */ = {isa = PBXFileReference; explicitFileType = wrapper.framework; includeInIndex = 0; path = Pods_ToastMessageExample.framework; sourceTree = BUILT_PRODUCTS_DIR; };
		5EF3C17029BAAF380033CF32 /* ToastMessageExample.app */ = {isa = PBXFileReference; explicitFileType = wrapper.application; includeInIndex = 0; path = ToastMessageExample.app; sourceTree = BUILT_PRODUCTS_DIR; };
		5EF3C17329BAAF380033CF32 /* AppDelegate.swift */ = {isa = PBXFileReference; lastKnownFileType = sourcecode.swift; path = AppDelegate.swift; sourceTree = "<group>"; };
		5EF3C17529BAAF380033CF32 /* SceneDelegate.swift */ = {isa = PBXFileReference; lastKnownFileType = sourcecode.swift; path = SceneDelegate.swift; sourceTree = "<group>"; };
		5EF3C17729BAAF380033CF32 /* ViewController.swift */ = {isa = PBXFileReference; lastKnownFileType = sourcecode.swift; path = ViewController.swift; sourceTree = "<group>"; };
		5EF3C17A29BAAF380033CF32 /* Base */ = {isa = PBXFileReference; lastKnownFileType = file.storyboard; name = Base; path = Base.lproj/Main.storyboard; sourceTree = "<group>"; };
		5EF3C17C29BAAF3B0033CF32 /* Assets.xcassets */ = {isa = PBXFileReference; lastKnownFileType = folder.assetcatalog; path = Assets.xcassets; sourceTree = "<group>"; };
		5EF3C17F29BAAF3B0033CF32 /* Base */ = {isa = PBXFileReference; lastKnownFileType = file.storyboard; name = Base; path = Base.lproj/LaunchScreen.storyboard; sourceTree = "<group>"; };
		5EF3C18129BAAF3B0033CF32 /* Info.plist */ = {isa = PBXFileReference; lastKnownFileType = text.plist.xml; path = Info.plist; sourceTree = "<group>"; };
		5EF3C18729BAB0230033CF32 /* ToastHelper.swift */ = {isa = PBXFileReference; lastKnownFileType = sourcecode.swift; path = ToastHelper.swift; sourceTree = "<group>"; };
		7C99257420E5719ADBD1ACBB /* Pods-ToastMessageExample.release.xcconfig */ = {isa = PBXFileReference; includeInIndex = 1; lastKnownFileType = text.xcconfig; name = "Pods-ToastMessageExample.release.xcconfig"; path = "Target Support Files/Pods-ToastMessageExample/Pods-ToastMessageExample.release.xcconfig"; sourceTree = "<group>"; };
/* End PBXFileReference section */

/* Begin PBXFrameworksBuildPhase section */
		5EF3C16D29BAAF380033CF32 /* Frameworks */ = {
			isa = PBXFrameworksBuildPhase;
			buildActionMask = 2147483647;
			files = (
				E51EC468DE6DB71747438B02 /* Pods_ToastMessageExample.framework in Frameworks */,
			);
			runOnlyForDeploymentPostprocessing = 0;
		};
/* End PBXFrameworksBuildPhase section */

/* Begin PBXGroup section */
		0435B9075DCA1ED5DDBC4546 /* Pods */ = {
			isa = PBXGroup;
			children = (
				16663D517BEC76CAFDE245F6 /* Pods-ToastMessageExample.debug.xcconfig */,
				7C99257420E5719ADBD1ACBB /* Pods-ToastMessageExample.release.xcconfig */,
			);
			path = Pods;
			sourceTree = "<group>";
		};
		5EF3C16729BAAF380033CF32 = {
			isa = PBXGroup;
			children = (
				5EF3C17229BAAF380033CF32 /* ToastMessageExample */,
				5EF3C17129BAAF380033CF32 /* Products */,
				0435B9075DCA1ED5DDBC4546 /* Pods */,
				6CC01841A05EDC55C62F5DA2 /* Frameworks */,
			);
			sourceTree = "<group>";
		};
		5EF3C17129BAAF380033CF32 /* Products */ = {
			isa = PBXGroup;
			children = (
				5EF3C17029BAAF380033CF32 /* ToastMessageExample.app */,
			);
			name = Products;
			sourceTree = "<group>";
		};
		5EF3C17229BAAF380033CF32 /* ToastMessageExample */ = {
			isa = PBXGroup;
			children = (
				5EF3C17329BAAF380033CF32 /* AppDelegate.swift */,
				5EF3C17529BAAF380033CF32 /* SceneDelegate.swift */,
				5EF3C17729BAAF380033CF32 /* ViewController.swift */,
				5EF3C18729BAB0230033CF32 /* ToastHelper.swift */,
				5EF3C17929BAAF380033CF32 /* Main.storyboard */,
				5EF3C17C29BAAF3B0033CF32 /* Assets.xcassets */,
				5EF3C17E29BAAF3B0033CF32 /* LaunchScreen.storyboard */,
				5EF3C18129BAAF3B0033CF32 /* Info.plist */,
			);
			path = ToastMessageExample;
			sourceTree = "<group>";
		};
		6CC01841A05EDC55C62F5DA2 /* Frameworks */ = {
			isa = PBXGroup;
			children = (
				450CB75F39A07459150BD700 /* Pods_ToastMessageExample.framework */,
			);
			name = Frameworks;
			sourceTree = "<group>";
		};
/* End PBXGroup section */

/* Begin PBXNativeTarget section */
		5EF3C16F29BAAF380033CF32 /* ToastMessageExample */ = {
			isa = PBXNativeTarget;
			buildConfigurationList = 5EF3C18429BAAF3B0033CF32 /* Build configuration list for PBXNativeTarget "ToastMessageExample" */;
			buildPhases = (
				EAAB9867810E7BBBB7A71C33 /* [CP] Check Pods Manifest.lock */,
				5EF3C16C29BAAF380033CF32 /* Sources */,
				5EF3C16D29BAAF380033CF32 /* Frameworks */,
				5EF3C16E29BAAF380033CF32 /* Resources */,
				F23C898F9492CD49AC654ED2 /* [CP] Embed Pods Frameworks */,
			);
			buildRules = (
			);
			dependencies = (
			);
			name = ToastMessageExample;
			productName = ToastMessageExample;
			productReference = 5EF3C17029BAAF380033CF32 /* ToastMessageExample.app */;
			productType = "com.apple.product-type.application";
		};
/* End PBXNativeTarget section */

/* Begin PBXProject section */
		5EF3C16829BAAF380033CF32 /* Project object */ = {
			isa = PBXProject;
			attributes = {
				BuildIndependentTargetsInParallel = 1;
				LastSwiftUpdateCheck = 1420;
				LastUpgradeCheck = 1420;
				TargetAttributes = {
					5EF3C16F29BAAF380033CF32 = {
						CreatedOnToolsVersion = 14.2;
					};
				};
			};
			buildConfigurationList = 5EF3C16B29BAAF380033CF32 /* Build configuration list for PBXProject "ToastMessageExample" */;
			compatibilityVersion = "Xcode 14.0";
			developmentRegion = en;
			hasScannedForEncodings = 0;
			knownRegions = (
				en,
				Base,
			);
			mainGroup = 5EF3C16729BAAF380033CF32;
			productRefGroup = 5EF3C17129BAAF380033CF32 /* Products */;
			projectDirPath = "";
			projectRoot = "";
			targets = (
				5EF3C16F29BAAF380033CF32 /* ToastMessageExample */,
			);
		};
/* End PBXProject section */

/* Begin PBXResourcesBuildPhase section */
		5EF3C16E29BAAF380033CF32 /* Resources */ = {
			isa = PBXResourcesBuildPhase;
			buildActionMask = 2147483647;
			files = (
				5EF3C18029BAAF3B0033CF32 /* LaunchScreen.storyboard in Resources */,
				5EF3C17D29BAAF3B0033CF32 /* Assets.xcassets in Resources */,
				5EF3C17B29BAAF380033CF32 /* Main.storyboard in Resources */,
			);
			runOnlyForDeploymentPostprocessing = 0;
		};
/* End PBXResourcesBuildPhase section */

/* Begin PBXShellScriptBuildPhase section */
		EAAB9867810E7BBBB7A71C33 /* [CP] Check Pods Manifest.lock */ = {
			isa = PBXShellScriptBuildPhase;
			buildActionMask = 2147483647;
			files = (
			);
			inputFileListPaths = (
			);
			inputPaths = (
				"${PODS_PODFILE_DIR_PATH}/Podfile.lock",
				"${PODS_ROOT}/Manifest.lock",
			);
			name = "[CP] Check Pods Manifest.lock";
			outputFileListPaths = (
			);
			outputPaths = (
				"$(DERIVED_FILE_DIR)/Pods-ToastMessageExample-checkManifestLockResult.txt",
			);
			runOnlyForDeploymentPostprocessing = 0;
			shellPath = /bin/sh;
			shellScript = "diff \"${PODS_PODFILE_DIR_PATH}/Podfile.lock\" \"${PODS_ROOT}/Manifest.lock\" > /dev/null\nif [ $? != 0 ] ; then\n    # print error to STDERR\n    echo \"error: The sandbox is not in sync with the Podfile.lock. Run 'pod install' or update your CocoaPods installation.\" >&2\n    exit 1\nfi\n# This output is used by Xcode 'outputs' to avoid re-running this script phase.\necho \"SUCCESS\" > \"${SCRIPT_OUTPUT_FILE_0}\"\n";
			showEnvVarsInLog = 0;
		};
		F23C898F9492CD49AC654ED2 /* [CP] Embed Pods Frameworks */ = {
			isa = PBXShellScriptBuildPhase;
			buildActionMask = 2147483647;
			files = (
			);
			inputFileListPaths = (
				"${PODS_ROOT}/Target Support Files/Pods-ToastMessageExample/Pods-ToastMessageExample-frameworks-${CONFIGURATION}-input-files.xcfilelist",
			);
			name = "[CP] Embed Pods Frameworks";
			outputFileListPaths = (
				"${PODS_ROOT}/Target Support Files/Pods-ToastMessageExample/Pods-ToastMessageExample-frameworks-${CONFIGURATION}-output-files.xcfilelist",
			);
			runOnlyForDeploymentPostprocessing = 0;
			shellPath = /bin/sh;
			shellScript = "\"${PODS_ROOT}/Target Support Files/Pods-ToastMessageExample/Pods-ToastMessageExample-frameworks.sh\"\n";
			showEnvVarsInLog = 0;
		};
/* End PBXShellScriptBuildPhase section */

/* Begin PBXSourcesBuildPhase section */
		5EF3C16C29BAAF380033CF32 /* Sources */ = {
			isa = PBXSourcesBuildPhase;
			buildActionMask = 2147483647;
			files = (
				5EF3C17829BAAF380033CF32 /* ViewController.swift in Sources */,
				5EF3C17429BAAF380033CF32 /* AppDelegate.swift in Sources */,
				5EF3C17629BAAF380033CF32 /* SceneDelegate.swift in Sources */,
				5EF3C18829BAB0230033CF32 /* ToastHelper.swift in Sources */,
			);
			runOnlyForDeploymentPostprocessing = 0;
		};
/* End PBXSourcesBuildPhase section */

/* Begin PBXVariantGroup section */
		5EF3C17929BAAF380033CF32 /* Main.storyboard */ = {
			isa = PBXVariantGroup;
			children = (
				5EF3C17A29BAAF380033CF32 /* Base */,
			);
			name = Main.storyboard;
			sourceTree = "<group>";
		};
		5EF3C17E29BAAF3B0033CF32 /* LaunchScreen.storyboard */ = {
			isa = PBXVariantGroup;
			children = (
				5EF3C17F29BAAF3B0033CF32 /* Base */,
			);
			name = LaunchScreen.storyboard;
			sourceTree = "<group>";
		};
/* End PBXVariantGroup section */

/* Begin XCBuildConfiguration section */
		5EF3C18229BAAF3B0033CF32 /* Debug */ = {
			isa = XCBuildConfiguration;
			buildSettings = {
				ALWAYS_SEARCH_USER_PATHS = NO;
				CLANG_ANALYZER_NONNULL = YES;
				CLANG_ANALYZER_NUMBER_OBJECT_CONVERSION = YES_AGGRESSIVE;
				CLANG_CXX_LANGUAGE_STANDARD = "gnu++20";
				CLANG_ENABLE_MODULES = YES;
				CLANG_ENABLE_OBJC_ARC = YES;
				CLANG_ENABLE_OBJC_WEAK = YES;
				CLANG_WARN_BLOCK_CAPTURE_AUTORELEASING = YES;
				CLANG_WARN_BOOL_CONVERSION = YES;
				CLANG_WARN_COMMA = YES;
				CLANG_WARN_CONSTANT_CONVERSION = YES;
				CLANG_WARN_DEPRECATED_OBJC_IMPLEMENTATIONS = YES;
				CLANG_WARN_DIRECT_OBJC_ISA_USAGE = YES_ERROR;
				CLANG_WARN_DOCUMENTATION_COMMENTS = YES;
				CLANG_WARN_EMPTY_BODY = YES;
				CLANG_WARN_ENUM_CONVERSION = YES;
				CLANG_WARN_INFINITE_RECURSION = YES;
				CLANG_WARN_INT_CONVERSION = YES;
				CLANG_WARN_NON_LITERAL_NULL_CONVERSION = YES;
				CLANG_WARN_OBJC_IMPLICIT_RETAIN_SELF = YES;
				CLANG_WARN_OBJC_LITERAL_CONVERSION = YES;
				CLANG_WARN_OBJC_ROOT_CLASS = YES_ERROR;
				CLANG_WARN_QUOTED_INCLUDE_IN_FRAMEWORK_HEADER = YES;
				CLANG_WARN_RANGE_LOOP_ANALYSIS = YES;
				CLANG_WARN_STRICT_PROTOTYPES = YES;
				CLANG_WARN_SUSPICIOUS_MOVE = YES;
				CLANG_WARN_UNGUARDED_AVAILABILITY = YES_AGGRESSIVE;
				CLANG_WARN_UNREACHABLE_CODE = YES;
				CLANG_WARN__DUPLICATE_METHOD_MATCH = YES;
				COPY_PHASE_STRIP = NO;
				DEBUG_INFORMATION_FORMAT = dwarf;
				ENABLE_STRICT_OBJC_MSGSEND = YES;
				ENABLE_TESTABILITY = YES;
				GCC_C_LANGUAGE_STANDARD = gnu11;
				GCC_DYNAMIC_NO_PIC = NO;
				GCC_NO_COMMON_BLOCKS = YES;
				GCC_OPTIMIZATION_LEVEL = 0;
				GCC_PREPROCESSOR_DEFINITIONS = (
					"DEBUG=1",
					"$(inherited)",
				);
				GCC_WARN_64_TO_32_BIT_CONVERSION = YES;
				GCC_WARN_ABOUT_RETURN_TYPE = YES_ERROR;
				GCC_WARN_UNDECLARED_SELECTOR = YES;
				GCC_WARN_UNINITIALIZED_AUTOS = YES_AGGRESSIVE;
				GCC_WARN_UNUSED_FUNCTION = YES;
				GCC_WARN_UNUSED_VARIABLE = YES;
				IPHONEOS_DEPLOYMENT_TARGET = 16.2;
				MTL_ENABLE_DEBUG_INFO = INCLUDE_SOURCE;
				MTL_FAST_MATH = YES;
				ONLY_ACTIVE_ARCH = YES;
				SDKROOT = iphoneos;
				SWIFT_ACTIVE_COMPILATION_CONDITIONS = DEBUG;
				SWIFT_OPTIMIZATION_LEVEL = "-Onone";
			};
			name = Debug;
		};
		5EF3C18329BAAF3B0033CF32 /* Release */ = {
			isa = XCBuildConfiguration;
			buildSettings = {
				ALWAYS_SEARCH_USER_PATHS = NO;
				CLANG_ANALYZER_NONNULL = YES;
				CLANG_ANALYZER_NUMBER_OBJECT_CONVERSION = YES_AGGRESSIVE;
				CLANG_CXX_LANGUAGE_STANDARD = "gnu++20";
				CLANG_ENABLE_MODULES = YES;
				CLANG_ENABLE_OBJC_ARC = YES;
				CLANG_ENABLE_OBJC_WEAK = YES;
				CLANG_WARN_BLOCK_CAPTURE_AUTORELEASING = YES;
				CLANG_WARN_BOOL_CONVERSION = YES;
				CLANG_WARN_COMMA = YES;
				CLANG_WARN_CONSTANT_CONVERSION = YES;
				CLANG_WARN_DEPRECATED_OBJC_IMPLEMENTATIONS = YES;
				CLANG_WARN_DIRECT_OBJC_ISA_USAGE = YES_ERROR;
				CLANG_WARN_DOCUMENTATION_COMMENTS = YES;
				CLANG_WARN_EMPTY_BODY = YES;
				CLANG_WARN_ENUM_CONVERSION = YES;
				CLANG_WARN_INFINITE_RECURSION = YES;
				CLANG_WARN_INT_CONVERSION = YES;
				CLANG_WARN_NON_LITERAL_NULL_CONVERSION = YES;
				CLANG_WARN_OBJC_IMPLICIT_RETAIN_SELF = YES;
				CLANG_WARN_OBJC_LITERAL_CONVERSION = YES;
				CLANG_WARN_OBJC_ROOT_CLASS = YES_ERROR;
				CLANG_WARN_QUOTED_INCLUDE_IN_FRAMEWORK_HEADER = YES;
				CLANG_WARN_RANGE_LOOP_ANALYSIS = YES;
				CLANG_WARN_STRICT_PROTOTYPES = YES;
				CLANG_WARN_SUSPICIOUS_MOVE = YES;
				CLANG_WARN_UNGUARDED_AVAILABILITY = YES_AGGRESSIVE;
				CLANG_WARN_UNREACHABLE_CODE = YES;
				CLANG_WARN__DUPLICATE_METHOD_MATCH = YES;
				COPY_PHASE_STRIP = NO;
				DEBUG_INFORMATION_FORMAT = "dwarf-with-dsym";
				ENABLE_NS_ASSERTIONS = NO;
				ENABLE_STRICT_OBJC_MSGSEND = YES;
				GCC_C_LANGUAGE_STANDARD = gnu11;
				GCC_NO_COMMON_BLOCKS = YES;
				GCC_WARN_64_TO_32_BIT_CONVERSION = YES;
				GCC_WARN_ABOUT_RETURN_TYPE = YES_ERROR;
				GCC_WARN_UNDECLARED_SELECTOR = YES;
				GCC_WARN_UNINITIALIZED_AUTOS = YES_AGGRESSIVE;
				GCC_WARN_UNUSED_FUNCTION = YES;
				GCC_WARN_UNUSED_VARIABLE = YES;
				IPHONEOS_DEPLOYMENT_TARGET = 16.2;
				MTL_ENABLE_DEBUG_INFO = NO;
				MTL_FAST_MATH = YES;
				SDKROOT = iphoneos;
				SWIFT_COMPILATION_MODE = wholemodule;
				SWIFT_OPTIMIZATION_LEVEL = "-O";
				VALIDATE_PRODUCT = YES;
			};
			name = Release;
		};
		5EF3C18529BAAF3B0033CF32 /* Debug */ = {
			isa = XCBuildConfiguration;
			baseConfigurationReference = 16663D517BEC76CAFDE245F6 /* Pods-ToastMessageExample.debug.xcconfig */;
			buildSettings = {
				ASSETCATALOG_COMPILER_APPICON_NAME = AppIcon;
				ASSETCATALOG_COMPILER_GLOBAL_ACCENT_COLOR_NAME = AccentColor;
				CODE_SIGN_STYLE = Automatic;
				CURRENT_PROJECT_VERSION = 1;
				DEVELOPMENT_TEAM = 2D8WKJP7C4;
				GENERATE_INFOPLIST_FILE = YES;
				INFOPLIST_FILE = ToastMessageExample/Info.plist;
				INFOPLIST_KEY_UIApplicationSupportsIndirectInputEvents = YES;
				INFOPLIST_KEY_UILaunchStoryboardName = LaunchScreen;
				INFOPLIST_KEY_UIMainStoryboardFile = Main;
				INFOPLIST_KEY_UISupportedInterfaceOrientations_iPad = "UIInterfaceOrientationPortrait UIInterfaceOrientationPortraitUpsideDown UIInterfaceOrientationLandscapeLeft UIInterfaceOrientationLandscapeRight";
				INFOPLIST_KEY_UISupportedInterfaceOrientations_iPhone = "UIInterfaceOrientationPortrait UIInterfaceOrientationLandscapeLeft UIInterfaceOrientationLandscapeRight";
				LD_RUNPATH_SEARCH_PATHS = (
					"$(inherited)",
					"@executable_path/Frameworks",
				);
				MARKETING_VERSION = 1.0;
				PRODUCT_BUNDLE_IDENTIFIER = kr.go.wetax.ToastMessageExample;
				PRODUCT_NAME = "$(TARGET_NAME)";
				SWIFT_EMIT_LOC_STRINGS = YES;
				SWIFT_VERSION = 5.0;
				TARGETED_DEVICE_FAMILY = "1,2";
			};
			name = Debug;
		};
		5EF3C18629BAAF3B0033CF32 /* Release */ = {
			isa = XCBuildConfiguration;
			baseConfigurationReference = 7C99257420E5719ADBD1ACBB /* Pods-ToastMessageExample.release.xcconfig */;
			buildSettings = {
				ASSETCATALOG_COMPILER_APPICON_NAME = AppIcon;
				ASSETCATALOG_COMPILER_GLOBAL_ACCENT_COLOR_NAME = AccentColor;
				CODE_SIGN_STYLE = Automatic;
				CURRENT_PROJECT_VERSION = 1;
				DEVELOPMENT_TEAM = 2D8WKJP7C4;
				GENERATE_INFOPLIST_FILE = YES;
				INFOPLIST_FILE = ToastMessageExample/Info.plist;
				INFOPLIST_KEY_UIApplicationSupportsIndirectInputEvents = YES;
				INFOPLIST_KEY_UILaunchStoryboardName = LaunchScreen;
				INFOPLIST_KEY_UIMainStoryboardFile = Main;
				INFOPLIST_KEY_UISupportedInterfaceOrientations_iPad = "UIInterfaceOrientationPortrait UIInterfaceOrientationPortraitUpsideDown UIInterfaceOrientationLandscapeLeft UIInterfaceOrientationLandscapeRight";
				INFOPLIST_KEY_UISupportedInterfaceOrientations_iPhone = "UIInterfaceOrientationPortrait UIInterfaceOrientationLandscapeLeft UIInterfaceOrientationLandscapeRight";
				LD_RUNPATH_SEARCH_PATHS = (
					"$(inherited)",
					"@executable_path/Frameworks",
				);
				MARKETING_VERSION = 1.0;
				PRODUCT_BUNDLE_IDENTIFIER = kr.go.wetax.ToastMessageExample;
				PRODUCT_NAME = "$(TARGET_NAME)";
				SWIFT_EMIT_LOC_STRINGS = YES;
				SWIFT_VERSION = 5.0;
				TARGETED_DEVICE_FAMILY = "1,2";
			};
			name = Release;
		};
/* End XCBuildConfiguration section */

/* Begin XCConfigurationList section */
		5EF3C16B29BAAF380033CF32 /* Build configuration list for PBXProject "ToastMessageExample" */ = {
			isa = XCConfigurationList;
			buildConfigurations = (
				5EF3C18229BAAF3B0033CF32 /* Debug */,
				5EF3C18329BAAF3B0033CF32 /* Release */,
			);
			defaultConfigurationIsVisible = 0;
			defaultConfigurationName = Release;
		};
		5EF3C18429BAAF3B0033CF32 /* Build configuration list for PBXNativeTarget "ToastMessageExample" */ = {
			isa = XCConfigurationList;
			buildConfigurations = (
				5EF3C18529BAAF3B0033CF32 /* Debug */,
				5EF3C18629BAAF3B0033CF32 /* Release */,
			);
			defaultConfigurationIsVisible = 0;
			defaultConfigurationName = Release;
		};
/* End XCConfigurationList section */
	};
	rootObject = 5EF3C16829BAAF380033CF32 /* Project object */;
}
